
Microsoft Visual Studio Solution File, Format Version 12.00
# Visual Studio Version 17
VisualStudioVersion = 17.0.31903.59
MinimumVisualStudioVersion = 10.0.40219.1
Project("{9A19103F-16F7-4668-BE54-9A1E7A4F7556}") = "_build", "..\build\_build.csproj", "{A6AA65AE-9D82-4C7D-98F5-B19EE34E0C52}"
EndProject
Project("{FAE04EC0-301F-11D3-BF4B-00C04F79EFBC}") = "efak.cli", "efak.cli\efak.cli.csproj", "{373FF83E-E54B-44D9-A74A-2E143BE277F9}"
EndProject
Project("{FAE04EC0-301F-11D3-BF4B-00C04F79EFBC}") = "efak.client", "efak.client\efak.client.csproj", "{A1AD5394-4A4C-486F-881F-0215C010D745}"
EndProject
Project("{2150E333-8FDC-42A3-9474-1A3956D46DE8}") = "Common", "Common", "{BE5DE694-B115-4F00-BA3B-2D8CB31BEEBD}"
	ProjectSection(SolutionItems) = preProject
		..\.gitignore = ..\.gitignore
		..\CHANGELOG.md = ..\CHANGELOG.md
	EndProjectSection
EndProject
Project("{FAE04EC0-301F-11D3-BF4B-00C04F79EFBC}") = "efak.test", "efak.test\efak.test.csproj", "{BC6A9CD5-ACBA-4977-8899-96B00432C1BF}"
EndProject
Global
	GlobalSection(SolutionConfigurationPlatforms) = preSolution
		Debug|Any CPU = Debug|Any CPU
		Release|Any CPU = Release|Any CPU
	EndGlobalSection
	GlobalSection(SolutionProperties) = preSolution
		HideSolutionNode = FALSE
	EndGlobalSection
	GlobalSection(ProjectConfigurationPlatforms) = postSolution
		{A6AA65AE-9D82-4C7D-98F5-B19EE34E0C52}.Debug|Any CPU.ActiveCfg = Debug|Any CPU
		{A6AA65AE-9D82-4C7D-98F5-B19EE34E0C52}.Release|Any CPU.ActiveCfg = Release|Any CPU
		{373FF83E-E54B-44D9-A74A-2E143BE277F9}.Debug|Any CPU.ActiveCfg = Debug|Any CPU
		{373FF83E-E54B-44D9-A74A-2E143BE277F9}.Debug|Any CPU.Build.0 = Debug|Any CPU
		{373FF83E-E54B-44D9-A74A-2E143BE277F9}.Release|Any CPU.ActiveCfg = Release|Any CPU
		{373FF83E-E54B-44D9-A74A-2E143BE277F9}.Release|Any CPU.Build.0 = Release|Any CPU
		{A1AD5394-4A4C-486F-881F-0215C010D745}.Debug|Any CPU.ActiveCfg = Debug|Any CPU
		{A1AD5394-4A4C-486F-881F-0215C010D745}.Debug|Any CPU.Build.0 = Debug|Any CPU
		{A1AD5394-4A4C-486F-881F-0215C010D745}.Release|Any CPU.ActiveCfg = Release|Any CPU
		{A1AD5394-4A4C-486F-881F-0215C010D745}.Release|Any CPU.Build.0 = Release|Any CPU
		{BC6A9CD5-ACBA-4977-8899-96B00432C1BF}.Debug|Any CPU.ActiveCfg = Debug|Any CPU
		{BC6A9CD5-ACBA-4977-8899-96B00432C1BF}.Debug|Any CPU.Build.0 = Debug|Any CPU
		{BC6A9CD5-ACBA-4977-8899-96B00432C1BF}.Release|Any CPU.ActiveCfg = Release|Any CPU
		{BC6A9CD5-ACBA-4977-8899-96B00432C1BF}.Release|Any CPU.Build.0 = Release|Any CPU
	EndGlobalSection
EndGlobal
